{
  "name": "replaymod-docs",
  "version": "0.0.0",
  "lockfileVersion": 1,
  "requires": true,
  "dependencies": {
    "array-findindex-polyfill": {
      "version": "0.1.0",
      "resolved": "https://registry.npmjs.org/array-findindex-polyfill/-/array-findindex-polyfill-0.1.0.tgz",
      "integrity": "sha1-w2JmW+x2RfItejw6rJeT9xw2Iu8="
    },
    "md-jml": {
      "version": "2.0.1",
      "resolved": "https://registry.npmjs.org/md-jml/-/md-jml-2.0.1.tgz",
      "integrity": "sha1-th99rTm1JPVKCmpthnMcTRLOCDo="
    },
    "string.prototype.endswith": {
      "version": "0.2.0",
      "resolved": "https://registry.npmjs.org/string.prototype.endswith/-/string.prototype.endswith-0.2.0.tgz",
      "integrity": "sha1-oZwg3uUamHd+mkfhDwm+OTubunU="
    }
  }
}
